// !$*UTF8*$!
{
	archiveVersion = 1;
	classes = {
	};
	objectVersion = 55;
	objects = {

/* Begin PBXBuildFile section */
		3E9BBA08286A3C7800F232A6 /* AppDelegate.swift in Sources */ = {isa = PBXBuildFile; fileRef = 3E9BBA07286A3C7800F232A6 /* AppDelegate.swift */; };
		3E9BBA0A286A3C7800F232A6 /* SceneDelegate.swift in Sources */ = {isa = PBXBuildFile; fileRef = 3E9BBA09286A3C7800F232A6 /* SceneDelegate.swift */; };
		3E9BBA0F286A3C7800F232A6 /* Main.storyboard in Resources */ = {isa = PBXBuildFile; fileRef = 3E9BBA0D286A3C7800F232A6 /* Main.storyboard */; };
		3E9BBA12286A3C7800F232A6 /* ToDoApp.xcdatamodeld in Sources */ = {isa = PBXBuildFile; fileRef = 3E9BBA10286A3C7800F232A6 /* ToDoApp.xcdatamodeld */; };
		3E9BBA14286A3C7A00F232A6 /* Assets.xcassets in Resources */ = {isa = PBXBuildFile; fileRef = 3E9BBA13286A3C7A00F232A6 /* Assets.xcassets */; };
		3E9BBA17286A3C7A00F232A6 /* LaunchScreen.storyboard in Resources */ = {isa = PBXBuildFile; fileRef = 3E9BBA15286A3C7A00F232A6 /* LaunchScreen.storyboard */; };
		3E9BBA22286A3C7A00F232A6 /* ToDoAppTests.swift in Sources */ = {isa = PBXBuildFile; fileRef = 3E9BBA21286A3C7A00F232A6 /* ToDoAppTests.swift */; };
		3E9BBA2C286A3C7A00F232A6 /* ToDoAppUITests.swift in Sources */ = {isa = PBXBuildFile; fileRef = 3E9BBA2B286A3C7A00F232A6 /* ToDoAppUITests.swift */; };
		3E9BBA2E286A3C7A00F232A6 /* ToDoAppUITestsLaunchTests.swift in Sources */ = {isa = PBXBuildFile; fileRef = 3E9BBA2D286A3C7A00F232A6 /* ToDoAppUITestsLaunchTests.swift */; };
		3E9BBA3B286A422F00F232A6 /* TableViewController.swift in Sources */ = {isa = PBXBuildFile; fileRef = 3E9BBA3A286A422F00F232A6 /* TableViewController.swift */; };
		3E9BBA3D286A42FB00F232A6 /* ToDo.swift in Sources */ = {isa = PBXBuildFile; fileRef = 3E9BBA3C286A42FB00F232A6 /* ToDo.swift */; };
/* End PBXBuildFile section */

/* Begin PBXContainerItemProxy section */
		3E9BBA1E286A3C7A00F232A6 /* PBXContainerItemProxy */ = {
			isa = PBXContainerItemProxy;
			containerPortal = 3E9BB9FC286A3C7800F232A6 /* Project object */;
			proxyType = 1;
			remoteGlobalIDString = 3E9BBA03286A3C7800F232A6;
			remoteInfo = ToDoApp;
		};
		3E9BBA28286A3C7A00F232A6 /* PBXContainerItemProxy */ = {
			isa = PBXContainerItemProxy;
			containerPortal = 3E9BB9FC286A3C7800F232A6 /* Project object */;
			proxyType = 1;
			remoteGlobalIDString = 3E9BBA03286A3C7800F232A6;
			remoteInfo = ToDoApp;
		};
/* End PBXContainerItemProxy section */

/* Begin PBXFileReference section */
		3E9BBA04286A3C7800F232A6 /* ToDoApp.app */ = {isa = PBXFileReference; explicitFileType = wrapper.application; includeInIndex = 0; path = ToDoApp.app; sourceTree = BUILT_PRODUCTS_DIR; };
		3E9BBA07286A3C7800F232A6 /* AppDelegate.swift */ = {isa = PBXFileReference; lastKnownFileType = sourcecode.swift; path = AppDelegate.swift; sourceTree = "<group>"; };
		3E9BBA09286A3C7800F232A6 /* SceneDelegate.swift */ = {isa = PBXFileReference; lastKnownFileType = sourcecode.swift; path = SceneDelegate.swift; sourceTree = "<group>"; };
		3E9BBA0E286A3C7800F232A6 /* Base */ = {isa = PBXFileReference; lastKnownFileType = file.storyboard; name = Base; path = Base.lproj/Main.storyboard; sourceTree = "<group>"; };
		3E9BBA11286A3C7800F232A6 /* ToDoApp.xcdatamodel */ = {isa = PBXFileReference; lastKnownFileType = wrapper.xcdatamodel; path = ToDoApp.xcdatamodel; sourceTree = "<group>"; };
		3E9BBA13286A3C7A00F232A6 /* Assets.xcassets */ = {isa = PBXFileReference; lastKnownFileType = folder.assetcatalog; path = Assets.xcassets; sourceTree = "<group>"; };
		3E9BBA16286A3C7A00F232A6 /* Base */ = {isa = PBXFileReference; lastKnownFileType = file.storyboard; name = Base; path = Base.lproj/LaunchScreen.storyboard; sourceTree = "<group>"; };
		3E9BBA18286A3C7A00F232A6 /* Info.plist */ = {isa = PBXFileReference; lastKnownFileType = text.plist.xml; path = Info.plist; sourceTree = "<group>"; };
		3E9BBA1D286A3C7A00F232A6 /* ToDoAppTests.xctest */ = {isa = PBXFileReference; explicitFileType = wrapper.cfbundle; includeInIndex = 0; path = ToDoAppTests.xctest; sourceTree = BUILT_PRODUCTS_DIR; };
		3E9BBA21286A3C7A00F232A6 /* ToDoAppTests.swift */ = {isa = PBXFileReference; lastKnownFileType = sourcecode.swift; path = ToDoAppTests.swift; sourceTree = "<group>"; };
		3E9BBA27286A3C7A00F232A6 /* ToDoAppUITests.xctest */ = {isa = PBXFileReference; explicitFileType = wrapper.cfbundle; includeInIndex = 0; path = ToDoAppUITests.xctest; sourceTree = BUILT_PRODUCTS_DIR; };
		3E9BBA2B286A3C7A00F232A6 /* ToDoAppUITests.swift */ = {isa = PBXFileReference; lastKnownFileType = sourcecode.swift; path = ToDoAppUITests.swift; sourceTree = "<group>"; };
		3E9BBA2D286A3C7A00F232A6 /* ToDoAppUITestsLaunchTests.swift */ = {isa = PBXFileReference; lastKnownFileType = sourcecode.swift; path = ToDoAppUITestsLaunchTests.swift; sourceTree = "<group>"; };
		3E9BBA3A286A422F00F232A6 /* TableViewController.swift */ = {isa = PBXFileReference; lastKnownFileType = sourcecode.swift; path = TableViewController.swift; sourceTree = "<group>"; };
		3E9BBA3C286A42FB00F232A6 /* ToDo.swift */ = {isa = PBXFileReference; lastKnownFileType = sourcecode.swift; path = ToDo.swift; sourceTree = "<group>"; };
/* End PBXFileReference section */

/* Begin PBXFrameworksBuildPhase section */
		3E9BBA01286A3C7800F232A6 /* Frameworks */ = {
			isa = PBXFrameworksBuildPhase;
			buildActionMask = 2147483647;
			files = (
			);
			runOnlyForDeploymentPostprocessing = 0;
		};
		3E9BBA1A286A3C7A00F232A6 /* Frameworks */ = {
			isa = PBXFrameworksBuildPhase;
			buildActionMask = 2147483647;
			files = (
			);
			runOnlyForDeploymentPostprocessing = 0;
		};
		3E9BBA24286A3C7A00F232A6 /* Frameworks */ = {
			isa = PBXFrameworksBuildPhase;
			buildActionMask = 2147483647;
			files = (
			);
			runOnlyForDeploymentPostprocessing = 0;
		};
/* End PBXFrameworksBuildPhase section */

/* Begin PBXGroup section */
		3E9BB9FB286A3C7800F232A6 = {
			isa = PBXGroup;
			children = (
				3E9BBA06286A3C7800F232A6 /* ToDoApp */,
				3E9BBA20286A3C7A00F232A6 /* ToDoAppTests */,
				3E9BBA2A286A3C7A00F232A6 /* ToDoAppUITests */,
				3E9BBA05286A3C7800F232A6 /* Products */,
			);
			sourceTree = "<group>";
		};
		3E9BBA05286A3C7800F232A6 /* Products */ = {
			isa = PBXGroup;
			children = (
				3E9BBA04286A3C7800F232A6 /* ToDoApp.app */,
				3E9BBA1D286A3C7A00F232A6 /* ToDoAppTests.xctest */,
				3E9BBA27286A3C7A00F232A6 /* ToDoAppUITests.xctest */,
			);
			name = Products;
			sourceTree = "<group>";
		};
		3E9BBA06286A3C7800F232A6 /* ToDoApp */ = {
			isa = PBXGroup;
			children = (
				3E9BBA07286A3C7800F232A6 /* AppDelegate.swift */,
				3E9BBA09286A3C7800F232A6 /* SceneDelegate.swift */,
				3E9BBA0D286A3C7800F232A6 /* Main.storyboard */,
				3E9BBA3C286A42FB00F232A6 /* ToDo.swift */,
				3E9BBA3A286A422F00F232A6 /* TableViewController.swift */,
				3E9BBA13286A3C7A00F232A6 /* Assets.xcassets */,
				3E9BBA15286A3C7A00F232A6 /* LaunchScreen.storyboard */,
				3E9BBA18286A3C7A00F232A6 /* Info.plist */,
				3E9BBA10286A3C7800F232A6 /* ToDoApp.xcdatamodeld */,
			);
			path = ToDoApp;
			sourceTree = "<group>";
		};
		3E9BBA20286A3C7A00F232A6 /* ToDoAppTests */ = {
			isa = PBXGroup;
			children = (
				3E9BBA21286A3C7A00F232A6 /* ToDoAppTests.swift */,
			);
			path = ToDoAppTests;
			sourceTree = "<group>";
		};
		3E9BBA2A286A3C7A00F232A6 /* ToDoAppUITests */ = {
			isa = PBXGroup;
			children = (
				3E9BBA2B286A3C7A00F232A6 /* ToDoAppUITests.swift */,
				3E9BBA2D286A3C7A00F232A6 /* ToDoAppUITestsLaunchTests.swift */,
			);
			path = ToDoAppUITests;
			sourceTree = "<group>";
		};
/* End PBXGroup section */

/* Begin PBXNativeTarget section */
		3E9BBA03286A3C7800F232A6 /* ToDoApp */ = {
			isa = PBXNativeTarget;
			buildConfigurationList = 3E9BBA31286A3C7A00F232A6 /* Build configuration list for PBXNativeTarget "ToDoApp" */;
			buildPhases = (
				3E9BBA00286A3C7800F232A6 /* Sources */,
				3E9BBA01286A3C7800F232A6 /* Frameworks */,
				3E9BBA02286A3C7800F232A6 /* Resources */,
			);
			buildRules = (
			);
			dependencies = (
			);
			name = ToDoApp;
			productName = ToDoApp;
			productReference = 3E9BBA04286A3C7800F232A6 /* ToDoApp.app */;
			productType = "com.apple.product-type.application";
		};
		3E9BBA1C286A3C7A00F232A6 /* ToDoAppTests */ = {
			isa = PBXNativeTarget;
			buildConfigurationList = 3E9BBA34286A3C7A00F232A6 /* Build configuration list for PBXNativeTarget "ToDoAppTests" */;
			buildPhases = (
				3E9BBA19286A3C7A00F232A6 /* Sources */,
				3E9BBA1A286A3C7A00F232A6 /* Frameworks */,
				3E9BBA1B286A3C7A00F232A6 /* Resources */,
			);
			buildRules = (
			);
			dependencies = (
				3E9BBA1F286A3C7A00F232A6 /* PBXTargetDependency */,
			);
			name = ToDoAppTests;
			productName = ToDoAppTests;
			productReference = 3E9BBA1D286A3C7A00F232A6 /* ToDoAppTests.xctest */;
			productType = "com.apple.product-type.bundle.unit-test";
		};
		3E9BBA26286A3C7A00F232A6 /* ToDoAppUITests */ = {
			isa = PBXNativeTarget;
			buildConfigurationList = 3E9BBA37286A3C7A00F232A6 /* Build configuration list for PBXNativeTarget "ToDoAppUITests" */;
			buildPhases = (
				3E9BBA23286A3C7A00F232A6 /* Sources */,
				3E9BBA24286A3C7A00F232A6 /* Frameworks */,
				3E9BBA25286A3C7A00F232A6 /* Resources */,
			);
			buildRules = (
			);
			dependencies = (
				3E9BBA29286A3C7A00F232A6 /* PBXTargetDependency */,
			);
			name = ToDoAppUITests;
			productName = ToDoAppUITests;
			productReference = 3E9BBA27286A3C7A00F232A6 /* ToDoAppUITests.xctest */;
			productType = "com.apple.product-type.bundle.ui-testing";
		};
/* End PBXNativeTarget section */

/* Begin PBXProject section */
		3E9BB9FC286A3C7800F232A6 /* Project object */ = {
			isa = PBXProject;
			attributes = {
				BuildIndependentTargetsInParallel = 1;
				LastSwiftUpdateCheck = 1340;
				LastUpgradeCheck = 1340;
				TargetAttributes = {
					3E9BBA03286A3C7800F232A6 = {
						CreatedOnToolsVersion = 13.4.1;
					};
					3E9BBA1C286A3C7A00F232A6 = {
						CreatedOnToolsVersion = 13.4.1;
						TestTargetID = 3E9BBA03286A3C7800F232A6;
					};
					3E9BBA26286A3C7A00F232A6 = {
						CreatedOnToolsVersion = 13.4.1;
						TestTargetID = 3E9BBA03286A3C7800F232A6;
					};
				};
			};
			buildConfigurationList = 3E9BB9FF286A3C7800F232A6 /* Build configuration list for PBXProject "ToDoApp" */;
			compatibilityVersion = "Xcode 13.0";
			developmentRegion = en;
			hasScannedForEncodings = 0;
			knownRegions = (
				en,
				Base,
			);
			mainGroup = 3E9BB9FB286A3C7800F232A6;
			productRefGroup = 3E9BBA05286A3C7800F232A6 /* Products */;
			projectDirPath = "";
			projectRoot = "";
			targets = (
				3E9BBA03286A3C7800F232A6 /* ToDoApp */,
				3E9BBA1C286A3C7A00F232A6 /* ToDoAppTests */,
				3E9BBA26286A3C7A00F232A6 /* ToDoAppUITests */,
			);
		};
/* End PBXProject section */

/* Begin PBXResourcesBuildPhase section */
		3E9BBA02286A3C7800F232A6 /* Resources */ = {
			isa = PBXResourcesBuildPhase;
			buildActionMask = 2147483647;
			files = (
				3E9BBA17286A3C7A00F232A6 /* LaunchScreen.storyboard in Resources */,
				3E9BBA14286A3C7A00F232A6 /* Assets.xcassets in Resources */,
				3E9BBA0F286A3C7800F232A6 /* Main.storyboard in Resources */,
			);
			runOnlyForDeploymentPostprocessing = 0;
		};
		3E9BBA1B286A3C7A00F232A6 /* Resources */ = {
			isa = PBXResourcesBuildPhase;
			buildActionMask = 2147483647;
			files = (
			);
			runOnlyForDeploymentPostprocessing = 0;
		};
		3E9BBA25286A3C7A00F232A6 /* Resources */ = {
			isa = PBXResourcesBuildPhase;
			buildActionMask = 2147483647;
			files = (
			);
			runOnlyForDeploymentPostprocessing = 0;
		};
/* End PBXResourcesBuildPhase section */

/* Begin PBXSourcesBuildPhase section */
		3E9BBA00286A3C7800F232A6 /* Sources */ = {
			isa = PBXSourcesBuildPhase;
			buildActionMask = 2147483647;
			files = (
				3E9BBA08286A3C7800F232A6 /* AppDelegate.swift in Sources */,
				3E9BBA3D286A42FB00F232A6 /* ToDo.swift in Sources */,
				3E9BBA0A286A3C7800F232A6 /* SceneDelegate.swift in Sources */,
				3E9BBA12286A3C7800F232A6 /* ToDoApp.xcdatamodeld in Sources */,
				3E9BBA3B286A422F00F232A6 /* TableViewController.swift in Sources */,
			);
			runOnlyForDeploymentPostprocessing = 0;
		};
		3E9BBA19286A3C7A00F232A6 /* Sources */ = {
			isa = PBXSourcesBuildPhase;
			buildActionMask = 2147483647;
			files = (
				3E9BBA22286A3C7A00F232A6 /* ToDoAppTests.swift in Sources */,
			);
			runOnlyForDeploymentPostprocessing = 0;
		};
		3E9BBA23286A3C7A00F232A6 /* Sources */ = {
			isa = PBXSourcesBuildPhase;
			buildActionMask = 2147483647;
			files = (
				3E9BBA2E286A3C7A00F232A6 /* ToDoAppUITestsLaunchTests.swift in Sources */,
				3E9BBA2C286A3C7A00F232A6 /* ToDoAppUITests.swift in Sources */,
			);
			runOnlyForDeploymentPostprocessing = 0;
		};
/* End PBXSourcesBuildPhase section */

/* Begin PBXTargetDependency section */
		3E9BBA1F286A3C7A00F232A6 /* PBXTargetDependency */ = {
			isa = PBXTargetDependency;
			target = 3E9BBA03286A3C7800F232A6 /* ToDoApp */;
			targetProxy = 3E9BBA1E286A3C7A00F232A6 /* PBXContainerItemProxy */;
		};
		3E9BBA29286A3C7A00F232A6 /* PBXTargetDependency */ = {
			isa = PBXTargetDependency;
			target = 3E9BBA03286A3C7800F232A6 /* ToDoApp */;
			targetProxy = 3E9BBA28286A3C7A00F232A6 /* PBXContainerItemProxy */;
		};
/* End PBXTargetDependency section */

/* Begin PBXVariantGroup section */
		3E9BBA0D286A3C7800F232A6 /* Main.storyboard */ = {
			isa = PBXVariantGroup;
			children = (
				3E9BBA0E286A3C7800F232A6 /* Base */,
			);
			name = Main.storyboard;
			sourceTree = "<group>";
		};
		3E9BBA15286A3C7A00F232A6 /* LaunchScreen.storyboard */ = {
			isa = PBXVariantGroup;
			children = (
				3E9BBA16286A3C7A00F232A6 /* Base */,
			);
			name = LaunchScreen.storyboard;
			sourceTree = "<group>";
		};
/* End PBXVariantGroup section */

/* Begin XCBuildConfiguration section */
		3E9BBA2F286A3C7A00F232A6 /* Debug */ = {
			isa = XCBuildConfiguration;
			buildSettings = {
				ALWAYS_SEARCH_USER_PATHS = NO;
				CLANG_ANALYZER_NONNULL = YES;
				CLANG_ANALYZER_NUMBER_OBJECT_CONVERSION = YES_AGGRESSIVE;
				CLANG_CXX_LANGUAGE_STANDARD = "gnu++17";
				CLANG_ENABLE_MODULES = YES;
				CLANG_ENABLE_OBJC_ARC = YES;
				CLANG_ENABLE_OBJC_WEAK = YES;
				CLANG_WARN_BLOCK_CAPTURE_AUTORELEASING = YES;
				CLANG_WARN_BOOL_CONVERSION = YES;
				CLANG_WARN_COMMA = YES;
				CLANG_WARN_CONSTANT_CONVERSION = YES;
				CLANG_WARN_DEPRECATED_OBJC_IMPLEMENTATIONS = YES;
				CLANG_WARN_DIRECT_OBJC_ISA_USAGE = YES_ERROR;
				CLANG_WARN_DOCUMENTATION_COMMENTS = YES;
				CLANG_WARN_EMPTY_BODY = YES;
				CLANG_WARN_ENUM_CONVERSION = YES;
				CLANG_WARN_INFINITE_RECURSION = YES;
				CLANG_WARN_INT_CONVERSION = YES;
				CLANG_WARN_NON_LITERAL_NULL_CONVERSION = YES;
				CLANG_WARN_OBJC_IMPLICIT_RETAIN_SELF = YES;
				CLANG_WARN_OBJC_LITERAL_CONVERSION = YES;
				CLANG_WARN_OBJC_ROOT_CLASS = YES_ERROR;
				CLANG_WARN_QUOTED_INCLUDE_IN_FRAMEWORK_HEADER = YES;
				CLANG_WARN_RANGE_LOOP_ANALYSIS = YES;
				CLANG_WARN_STRICT_PROTOTYPES = YES;
				CLANG_WARN_SUSPICIOUS_MOVE = YES;
				CLANG_WARN_UNGUARDED_AVAILABILITY = YES_AGGRESSIVE;
				CLANG_WARN_UNREACHABLE_CODE = YES;
				CLANG_WARN__DUPLICATE_METHOD_MATCH = YES;
				COPY_PHASE_STRIP = NO;
				DEBUG_INFORMATION_FORMAT = dwarf;
				ENABLE_STRICT_OBJC_MSGSEND = YES;
				ENABLE_TESTABILITY = YES;
				GCC_C_LANGUAGE_STANDARD = gnu11;
				GCC_DYNAMIC_NO_PIC = NO;
				GCC_NO_COMMON_BLOCKS = YES;
				GCC_OPTIMIZATION_LEVEL = 0;
				GCC_PREPROCESSOR_DEFINITIONS = (
					"DEBUG=1",
					"$(inherited)",
				);
				GCC_WARN_64_TO_32_BIT_CONVERSION = YES;
				GCC_WARN_ABOUT_RETURN_TYPE = YES_ERROR;
				GCC_WARN_UNDECLARED_SELECTOR = YES;
				GCC_WARN_UNINITIALIZED_AUTOS = YES_AGGRESSIVE;
				GCC_WARN_UNUSED_FUNCTION = YES;
				GCC_WARN_UNUSED_VARIABLE = YES;
				IPHONEOS_DEPLOYMENT_TARGET = 15.5;
				MTL_ENABLE_DEBUG_INFO = INCLUDE_SOURCE;
				MTL_FAST_MATH = YES;
				ONLY_ACTIVE_ARCH = YES;
				SDKROOT = iphoneos;
				SWIFT_ACTIVE_COMPILATION_CONDITIONS = DEBUG;
				SWIFT_OPTIMIZATION_LEVEL = "-Onone";
			};
			name = Debug;
		};
		3E9BBA30286A3C7A00F232A6 /* Release */ = {
			isa = XCBuildConfiguration;
			buildSettings = {
				ALWAYS_SEARCH_USER_PATHS = NO;
				CLANG_ANALYZER_NONNULL = YES;
				CLANG_ANALYZER_NUMBER_OBJECT_CONVERSION = YES_AGGRESSIVE;
				CLANG_CXX_LANGUAGE_STANDARD = "gnu++17";
				CLANG_ENABLE_MODULES = YES;
				CLANG_ENABLE_OBJC_ARC = YES;
				CLANG_ENABLE_OBJC_WEAK = YES;
				CLANG_WARN_BLOCK_CAPTURE_AUTORELEASING = YES;
				CLANG_WARN_BOOL_CONVERSION = YES;
				CLANG_WARN_COMMA = YES;
				CLANG_WARN_CONSTANT_CONVERSION = YES;
				CLANG_WARN_DEPRECATED_OBJC_IMPLEMENTATIONS = YES;
				CLANG_WARN_DIRECT_OBJC_ISA_USAGE = YES_ERROR;
				CLANG_WARN_DOCUMENTATION_COMMENTS = YES;
				CLANG_WARN_EMPTY_BODY = YES;
				CLANG_WARN_ENUM_CONVERSION = YES;
				CLANG_WARN_INFINITE_RECURSION = YES;
				CLANG_WARN_INT_CONVERSION = YES;
				CLANG_WARN_NON_LITERAL_NULL_CONVERSION = YES;
				CLANG_WARN_OBJC_IMPLICIT_RETAIN_SELF = YES;
				CLANG_WARN_OBJC_LITERAL_CONVERSION = YES;
				CLANG_WARN_OBJC_ROOT_CLASS = YES_ERROR;
				CLANG_WARN_QUOTED_INCLUDE_IN_FRAMEWORK_HEADER = YES;
				CLANG_WARN_RANGE_LOOP_ANALYSIS = YES;
				CLANG_WARN_STRICT_PROTOTYPES = YES;
				CLANG_WARN_SUSPICIOUS_MOVE = YES;
				CLANG_WARN_UNGUARDED_AVAILABILITY = YES_AGGRESSIVE;
				CLANG_WARN_UNREACHABLE_CODE = YES;
				CLANG_WARN__DUPLICATE_METHOD_MATCH = YES;
				COPY_PHASE_STRIP = NO;
				DEBUG_INFORMATION_FORMAT = "dwarf-with-dsym";
				ENABLE_NS_ASSERTIONS = NO;
				ENABLE_STRICT_OBJC_MSGSEND = YES;
				GCC_C_LANGUAGE_STANDARD = gnu11;
				GCC_NO_COMMON_BLOCKS = YES;
				GCC_WARN_64_TO_32_BIT_CONVERSION = YES;
				GCC_WARN_ABOUT_RETURN_TYPE = YES_ERROR;
				GCC_WARN_UNDECLARED_SELECTOR = YES;
				GCC_WARN_UNINITIALIZED_AUTOS = YES_AGGRESSIVE;
				GCC_WARN_UNUSED_FUNCTION = YES;
				GCC_WARN_UNUSED_VARIABLE = YES;
				IPHONEOS_DEPLOYMENT_TARGET = 15.5;
				MTL_ENABLE_DEBUG_INFO = NO;
				MTL_FAST_MATH = YES;
				SDKROOT = iphoneos;
				SWIFT_COMPILATION_MODE = wholemodule;
				SWIFT_OPTIMIZATION_LEVEL = "-O";
				VALIDATE_PRODUCT = YES;
			};
			name = Release;
		};
		3E9BBA32286A3C7A00F232A6 /* Debug */ = {
			isa = XCBuildConfiguration;
			buildSettings = {
				ASSETCATALOG_COMPILER_APPICON_NAME = AppIcon;
				ASSETCATALOG_COMPILER_GLOBAL_ACCENT_COLOR_NAME = AccentColor;
				CODE_SIGN_STYLE = Automatic;
				CURRENT_PROJECT_VERSION = 1;
				GENERATE_INFOPLIST_FILE = YES;
				INFOPLIST_FILE = ToDoApp/Info.plist;
				INFOPLIST_KEY_UIApplicationSupportsIndirectInputEvents = YES;
				INFOPLIST_KEY_UILaunchStoryboardName = LaunchScreen;
				INFOPLIST_KEY_UIMainStoryboardFile = Main;
				INFOPLIST_KEY_UISupportedInterfaceOrientations_iPad = "UIInterfaceOrientationPortrait UIInterfaceOrientationPortraitUpsideDown UIInterfaceOrientationLandscapeLeft UIInterfaceOrientationLandscapeRight";
				INFOPLIST_KEY_UISupportedInterfaceOrientations_iPhone = "UIInterfaceOrientationPortrait UIInterfaceOrientationLandscapeLeft UIInterfaceOrientationLandscapeRight";
				LD_RUNPATH_SEARCH_PATHS = (
					"$(inherited)",
					"@executable_path/Frameworks",
				);
				MARKETING_VERSION = 1.0;
				PRODUCT_BUNDLE_IDENTIFIER = kwkcamp2022.ToDoApp;
				PRODUCT_NAME = "$(TARGET_NAME)";
				SWIFT_EMIT_LOC_STRINGS = YES;
				SWIFT_VERSION = 5.0;
				TARGETED_DEVICE_FAMILY = "1,2";
			};
			name = Debug;
		};
		3E9BBA33286A3C7A00F232A6 /* Release */ = {
			isa = XCBuildConfiguration;
			buildSettings = {
				ASSETCATALOG_COMPILER_APPICON_NAME = AppIcon;
				ASSETCATALOG_COMPILER_GLOBAL_ACCENT_COLOR_NAME = AccentColor;
				CODE_SIGN_STYLE = Automatic;
				CURRENT_PROJECT_VERSION = 1;
				GENERATE_INFOPLIST_FILE = YES;
				INFOPLIST_FILE = ToDoApp/Info.plist;
				INFOPLIST_KEY_UIApplicationSupportsIndirectInputEvents = YES;
				INFOPLIST_KEY_UILaunchStoryboardName = LaunchScreen;
				INFOPLIST_KEY_UIMainStoryboardFile = Main;
				INFOPLIST_KEY_UISupportedInterfaceOrientations_iPad = "UIInterfaceOrientationPortrait UIInterfaceOrientationPortraitUpsideDown UIInterfaceOrientationLandscapeLeft UIInterfaceOrientationLandscapeRight";
				INFOPLIST_KEY_UISupportedInterfaceOrientations_iPhone = "UIInterfaceOrientationPortrait UIInterfaceOrientationLandscapeLeft UIInterfaceOrientationLandscapeRight";
				LD_RUNPATH_SEARCH_PATHS = (
					"$(inherited)",
					"@executable_path/Frameworks",
				);
				MARKETING_VERSION = 1.0;
				PRODUCT_BUNDLE_IDENTIFIER = kwkcamp2022.ToDoApp;
				PRODUCT_NAME = "$(TARGET_NAME)";
				SWIFT_EMIT_LOC_STRINGS = YES;
				SWIFT_VERSION = 5.0;
				TARGETED_DEVICE_FAMILY = "1,2";
			};
			name = Release;
		};
		3E9BBA35286A3C7A00F232A6 /* Debug */ = {
			isa = XCBuildConfiguration;
			buildSettings = {
				ALWAYS_EMBED_SWIFT_STANDARD_LIBRARIES = YES;
				BUNDLE_LOADER = "$(TEST_HOST)";
				CODE_SIGN_STYLE = Automatic;
				CURRENT_PROJECT_VERSION = 1;
				GENERATE_INFOPLIST_FILE = YES;
				IPHONEOS_DEPLOYMENT_TARGET = 15.5;
				MARKETING_VERSION = 1.0;
				PRODUCT_BUNDLE_IDENTIFIER = kwkcamp2022.ToDoAppTests;
				PRODUCT_NAME = "$(TARGET_NAME)";
				SWIFT_EMIT_LOC_STRINGS = NO;
				SWIFT_VERSION = 5.0;
				TARGETED_DEVICE_FAMILY = "1,2";
				TEST_HOST = "$(BUILT_PRODUCTS_DIR)/ToDoApp.app/ToDoApp";
			};
			name = Debug;
		};
		3E9BBA36286A3C7A00F232A6 /* Release */ = {
			isa = XCBuildConfiguration;
			buildSettings = {
				ALWAYS_EMBED_SWIFT_STANDARD_LIBRARIES = YES;
				BUNDLE_LOADER = "$(TEST_HOST)";
				CODE_SIGN_STYLE = Automatic;
				CURRENT_PROJECT_VERSION = 1;
				GENERATE_INFOPLIST_FILE = YES;
				IPHONEOS_DEPLOYMENT_TARGET = 15.5;
				MARKETING_VERSION = 1.0;
				PRODUCT_BUNDLE_IDENTIFIER = kwkcamp2022.ToDoAppTests;
				PRODUCT_NAME = "$(TARGET_NAME)";
				SWIFT_EMIT_LOC_STRINGS = NO;
				SWIFT_VERSION = 5.0;
				TARGETED_DEVICE_FAMILY = "1,2";
				TEST_HOST = "$(BUILT_PRODUCTS_DIR)/ToDoApp.app/ToDoApp";
			};
			name = Release;
		};
		3E9BBA38286A3C7A00F232A6 /* Debug */ = {
			isa = XCBuildConfiguration;
			buildSettings = {
				ALWAYS_EMBED_SWIFT_STANDARD_LIBRARIES = YES;
				CODE_SIGN_STYLE = Automatic;
				CURRENT_PROJECT_VERSION = 1;
				GENERATE_INFOPLIST_FILE = YES;
				MARKETING_VERSION = 1.0;
				PRODUCT_BUNDLE_IDENTIFIER = kwkcamp2022.ToDoAppUITests;
				PRODUCT_NAME = "$(TARGET_NAME)";
				SWIFT_EMIT_LOC_STRINGS = NO;
				SWIFT_VERSION = 5.0;
				TARGETED_DEVICE_FAMILY = "1,2";
				TEST_TARGET_NAME = ToDoApp;
			};
			name = Debug;
		};
		3E9BBA39286A3C7A00F232A6 /* Release */ = {
			isa = XCBuildConfiguration;
			buildSettings = {
				ALWAYS_EMBED_SWIFT_STANDARD_LIBRARIES = YES;
				CODE_SIGN_STYLE = Automatic;
				CURRENT_PROJECT_VERSION = 1;
				GENERATE_INFOPLIST_FILE = YES;
				MARKETING_VERSION = 1.0;
				PRODUCT_BUNDLE_IDENTIFIER = kwkcamp2022.ToDoAppUITests;
				PRODUCT_NAME = "$(TARGET_NAME)";
				SWIFT_EMIT_LOC_STRINGS = NO;
				SWIFT_VERSION = 5.0;
				TARGETED_DEVICE_FAMILY = "1,2";
				TEST_TARGET_NAME = ToDoApp;
			};
			name = Release;
		};
/* End XCBuildConfiguration section */

/* Begin XCConfigurationList section */
		3E9BB9FF286A3C7800F232A6 /* Build configuration list for PBXProject "ToDoApp" */ = {
			isa = XCConfigurationList;
			buildConfigurations = (
				3E9BBA2F286A3C7A00F232A6 /* Debug */,
				3E9BBA30286A3C7A00F232A6 /* Release */,
			);
			defaultConfigurationIsVisible = 0;
			defaultConfigurationName = Release;
		};
		3E9BBA31286A3C7A00F232A6 /* Build configuration list for PBXNativeTarget "ToDoApp" */ = {
			isa = XCConfigurationList;
			buildConfigurations = (
				3E9BBA32286A3C7A00F232A6 /* Debug */,
				3E9BBA33286A3C7A00F232A6 /* Release */,
			);
			defaultConfigurationIsVisible = 0;
			defaultConfigurationName = Release;
		};
		3E9BBA34286A3C7A00F232A6 /* Build configuration list for PBXNativeTarget "ToDoAppTests" */ = {
			isa = XCConfigurationList;
			buildConfigurations = (
				3E9BBA35286A3C7A00F232A6 /* Debug */,
				3E9BBA36286A3C7A00F232A6 /* Release */,
			);
			defaultConfigurationIsVisible = 0;
			defaultConfigurationName = Release;
		};
		3E9BBA37286A3C7A00F232A6 /* Build configuration list for PBXNativeTarget "ToDoAppUITests" */ = {
			isa = XCConfigurationList;
			buildConfigurations = (
				3E9BBA38286A3C7A00F232A6 /* Debug */,
				3E9BBA39286A3C7A00F232A6 /* Release */,
			);
			defaultConfigurationIsVisible = 0;
			defaultConfigurationName = Release;
		};
/* End XCConfigurationList section */

/* Begin XCVersionGroup section */
		3E9BBA10286A3C7800F232A6 /* ToDoApp.xcdatamodeld */ = {
			isa = XCVersionGroup;
			children = (
				3E9BBA11286A3C7800F232A6 /* ToDoApp.xcdatamodel */,
			);
			currentVersion = 3E9BBA11286A3C7800F232A6 /* ToDoApp.xcdatamodel */;
			path = ToDoApp.xcdatamodeld;
			sourceTree = "<group>";
			versionGroupType = wrapper.xcdatamodel;
		};
/* End XCVersionGroup section */
	};
	rootObject = 3E9BB9FC286A3C7800F232A6 /* Project object */;
}
